
Microsoft Visual Studio Solution File, Format Version 12.00
# Visual Studio Version 16
VisualStudioVersion = 16.0.30621.155
MinimumVisualStudioVersion = 10.0.40219.1
Project("{2150E333-8FDC-42A3-9474-1A3956D46DE8}") = "src", "src", "{0B778FE3-4F23-41E1-B330-3174ABDC0E0B}"
EndProject
Project("{2150E333-8FDC-42A3-9474-1A3956D46DE8}") = "test", "test", "{179DF752-08C0-4CE2-873A-9E19307FC31F}"
EndProject
Project("{9A19103F-16F7-4668-BE54-9A1E7A4F7556}") = "Basket.Infrastructure", "Basket.Infrastructure\Basket.Infrastructure.csproj", "{EF8FDD60-83CE-4EB5-B24C-A05CB513B498}"
EndProject
Project("{9A19103F-16F7-4668-BE54-9A1E7A4F7556}") = "Basket.Core", "Basket.Core\Basket.Core.csproj", "{3D6894C3-D403-4EAB-84DC-5F44D6D00E68}"
EndProject
Project("{9A19103F-16F7-4668-BE54-9A1E7A4F7556}") = "Basket.Application", "Basket.Application\Basket.Application.csproj", "{4599D0F2-3890-49BE-AF38-C56A3CF0343D}"
EndProject
Project("{9A19103F-16F7-4668-BE54-9A1E7A4F7556}") = "Basket.API", "Basket.API\Basket.API.csproj", "{06ECACD3-3CDB-49C5-BC47-50F8A841E15D}"
EndProject
Project("{FAE04EC0-301F-11D3-BF4B-00C04F79EFBC}") = "Basket.APITest", "Basket.APITest\Basket.APITest.csproj", "{0E3110C7-5FDC-48C1-A1A1-F4FB241E4940}"
EndProject
Global
	GlobalSection(SolutionConfigurationPlatforms) = preSolution
		Debug|Any CPU = Debug|Any CPU
		Release|Any CPU = Release|Any CPU
	EndGlobalSection
	GlobalSection(ProjectConfigurationPlatforms) = postSolution
		{EF8FDD60-83CE-4EB5-B24C-A05CB513B498}.Debug|Any CPU.ActiveCfg = Debug|Any CPU
		{EF8FDD60-83CE-4EB5-B24C-A05CB513B498}.Debug|Any CPU.Build.0 = Debug|Any CPU
		{EF8FDD60-83CE-4EB5-B24C-A05CB513B498}.Release|Any CPU.ActiveCfg = Release|Any CPU
		{EF8FDD60-83CE-4EB5-B24C-A05CB513B498}.Release|Any CPU.Build.0 = Release|Any CPU
		{3D6894C3-D403-4EAB-84DC-5F44D6D00E68}.Debug|Any CPU.ActiveCfg = Debug|Any CPU
		{3D6894C3-D403-4EAB-84DC-5F44D6D00E68}.Debug|Any CPU.Build.0 = Debug|Any CPU
		{3D6894C3-D403-4EAB-84DC-5F44D6D00E68}.Release|Any CPU.ActiveCfg = Release|Any CPU
		{3D6894C3-D403-4EAB-84DC-5F44D6D00E68}.Release|Any CPU.Build.0 = Release|Any CPU
		{4599D0F2-3890-49BE-AF38-C56A3CF0343D}.Debug|Any CPU.ActiveCfg = Debug|Any CPU
		{4599D0F2-3890-49BE-AF38-C56A3CF0343D}.Debug|Any CPU.Build.0 = Debug|Any CPU
		{4599D0F2-3890-49BE-AF38-C56A3CF0343D}.Release|Any CPU.ActiveCfg = Release|Any CPU
		{4599D0F2-3890-49BE-AF38-C56A3CF0343D}.Release|Any CPU.Build.0 = Release|Any CPU
		{06ECACD3-3CDB-49C5-BC47-50F8A841E15D}.Debug|Any CPU.ActiveCfg = Debug|Any CPU
		{06ECACD3-3CDB-49C5-BC47-50F8A841E15D}.Debug|Any CPU.Build.0 = Debug|Any CPU
		{06ECACD3-3CDB-49C5-BC47-50F8A841E15D}.Release|Any CPU.ActiveCfg = Release|Any CPU
		{06ECACD3-3CDB-49C5-BC47-50F8A841E15D}.Release|Any CPU.Build.0 = Release|Any CPU
		{0E3110C7-5FDC-48C1-A1A1-F4FB241E4940}.Debug|Any CPU.ActiveCfg = Debug|Any CPU
		{0E3110C7-5FDC-48C1-A1A1-F4FB241E4940}.Debug|Any CPU.Build.0 = Debug|Any CPU
		{0E3110C7-5FDC-48C1-A1A1-F4FB241E4940}.Release|Any CPU.ActiveCfg = Release|Any CPU
		{0E3110C7-5FDC-48C1-A1A1-F4FB241E4940}.Release|Any CPU.Build.0 = Release|Any CPU
	EndGlobalSection
	GlobalSection(SolutionProperties) = preSolution
		HideSolutionNode = FALSE
	EndGlobalSection
	GlobalSection(NestedProjects) = preSolution
		{EF8FDD60-83CE-4EB5-B24C-A05CB513B498} = {0B778FE3-4F23-41E1-B330-3174ABDC0E0B}
		{3D6894C3-D403-4EAB-84DC-5F44D6D00E68} = {0B778FE3-4F23-41E1-B330-3174ABDC0E0B}
		{4599D0F2-3890-49BE-AF38-C56A3CF0343D} = {0B778FE3-4F23-41E1-B330-3174ABDC0E0B}
		{06ECACD3-3CDB-49C5-BC47-50F8A841E15D} = {0B778FE3-4F23-41E1-B330-3174ABDC0E0B}
		{0E3110C7-5FDC-48C1-A1A1-F4FB241E4940} = {179DF752-08C0-4CE2-873A-9E19307FC31F}
	EndGlobalSection
	GlobalSection(ExtensibilityGlobals) = postSolution
		SolutionGuid = {9EA4EB29-2F8C-423A-B211-CFD74F57CA07}
	EndGlobalSection
EndGlobal
